PODS:
  - agora_rtc_engine (6.2.1):
    - AgoraIrisRTC_iOS (= 4.2.1-build.1)
    - AgoraRtcEngine_iOS (= 4.2.1)
    - Flutter
  - AgoraIrisRTC_iOS (4.2.1-build.1)
  - AgoraRtcEngine_iOS (4.2.1):
    - AgoraRtcEngine_iOS/AIAEC (= 4.2.1)
    - AgoraRtcEngine_iOS/AINS (= 4.2.1)
    - AgoraRtcEngine_iOS/AudioBeauty (= 4.2.1)
    - AgoraRtcEngine_iOS/ClearVision (= 4.2.1)
    - AgoraRtcEngine_iOS/ContentInspect (= 4.2.1)
    - AgoraRtcEngine_iOS/DRM (= 4.2.1)
    - AgoraRtcEngine_iOS/FaceDetection (= 4.2.1)
    - AgoraRtcEngine_iOS/ReplayKit (= 4.2.1)
    - AgoraRtcEngine_iOS/RtcBasic (= 4.2.1)
    - AgoraRtcEngine_iOS/SpatialAudio (= 4.2.1)
    - AgoraRtcEngine_iOS/VideoCodecDec (= 4.2.1)
    - AgoraRtcEngine_iOS/VideoCodecEnc (= 4.2.1)
    - AgoraRtcEngine_iOS/VirtualBackground (= 4.2.1)
    - AgoraRtcEngine_iOS/VQA (= 4.2.1)
  - AgoraRtcEngine_iOS/AIAEC (4.2.1)
  - AgoraRtcEngine_iOS/AINS (4.2.1)
  - AgoraRtcEngine_iOS/AudioBeauty (4.2.1)
  - AgoraRtcEngine_iOS/ClearVision (4.2.1)
  - AgoraRtcEngine_iOS/ContentInspect (4.2.1)
  - AgoraRtcEngine_iOS/DRM (4.2.1)
  - AgoraRtcEngine_iOS/FaceDetection (4.2.1)
  - AgoraRtcEngine_iOS/ReplayKit (4.2.1)
  - AgoraRtcEngine_iOS/RtcBasic (4.2.1)
  - AgoraRtcEngine_iOS/SpatialAudio (4.2.1)
  - AgoraRtcEngine_iOS/VideoCodecDec (4.2.1)
  - AgoraRtcEngine_iOS/VideoCodecEnc (4.2.1)
  - AgoraRtcEngine_iOS/VirtualBackground (4.2.1)
  - AgoraRtcEngine_iOS/VQA (4.2.1)
  - device_info_plus (0.0.1):
    - Flutter
  - Flutter (1.0.0)
  - iris_method_channel (0.0.1):
    - Flutter
  - path_provider_foundation (0.0.1):
    - Flutter
    - FlutterMacOS
  - permission_handler_apple (9.1.1):
    - Flutter

DEPENDENCIES:
  - agora_rtc_engine (from `.symlinks/plugins/agora_rtc_engine/ios`)
  - device_info_plus (from `.symlinks/plugins/device_info_plus/ios`)
  - Flutter (from `Flutter`)
  - iris_method_channel (from `.symlinks/plugins/iris_method_channel/ios`)
  - path_provider_foundation (from `.symlinks/plugins/path_provider_foundation/darwin`)
  - permission_handler_apple (from `.symlinks/plugins/permission_handler_apple/ios`)

SPEC REPOS:
  trunk:
    - AgoraIrisRTC_iOS
    - AgoraRtcEngine_iOS

EXTERNAL SOURCES:
  agora_rtc_engine:
    :path: ".symlinks/plugins/agora_rtc_engine/ios"
  device_info_plus:
    :path: ".symlinks/plugins/device_info_plus/ios"
  Flutter:
    :path: Flutter
  iris_method_channel:
    :path: ".symlinks/plugins/iris_method_channel/ios"
  path_provider_foundation:
    :path: ".symlinks/plugins/path_provider_foundation/darwin"
  permission_handler_apple:
    :path: ".symlinks/plugins/permission_handler_apple/ios"

SPEC CHECKSUMS:
  agora_rtc_engine: ee927652b7d3c80661fc1a053e1ac86ef78856fa
  AgoraIrisRTC_iOS: 4c6cb9df772dacba4e0dccb00178378454d03fde
  AgoraRtcEngine_iOS: bbbacbf4797a6f85532c6023b72c4d66f2b49227
  device_info_plus: 7545d84d8d1b896cb16a4ff98c19f07ec4b298ea
  Flutter: f04841e97a9d0b0a8025694d0796dd46242b2854
  iris_method_channel: 0617c689164d8154c020c50f63ca79f92b8a7b9d
  path_provider_foundation: 29f094ae23ebbca9d3d0cec13889cd9060c0e943
  permission_handler_apple: e76247795d700c14ea09e3a2d8855d41ee80a2e6

PODFILE CHECKSUM: 70d9d25280d0dd177a5f637cdb0f0b0b12c6a189

COCOAPODS: 1.12.0
